
Microsoft Visual Studio Solution File, Format Version 12.00
# Visual Studio Version 16
VisualStudioVersion = 16.0.30523.141
MinimumVisualStudioVersion = 10.0.40219.1
Project("{FAE04EC0-301F-11D3-BF4B-00C04F79EFBC}") = "PhoneBook", "PhoneBook.csproj", "{33BA3126-43FC-4EFC-9AA4-79BB143B83B3}"
EndProject
Global
	GlobalSection(SolutionConfigurationPlatforms) = preSolution
		Debug|Any CPU = Debug|Any CPU
		Release|Any CPU = Release|Any CPU
	EndGlobalSection
	GlobalSection(ProjectConfigurationPlatforms) = postSolution
		{33BA3126-43FC-4EFC-9AA4-79BB143B83B3}.Debug|Any CPU.ActiveCfg = Debug|Any CPU
		{33BA3126-43FC-4EFC-9AA4-79BB143B83B3}.Debug|Any CPU.Build.0 = Debug|Any CPU
		{33BA3126-43FC-4EFC-9AA4-79BB143B83B3}.Release|Any CPU.ActiveCfg = Release|Any CPU
		{33BA3126-43FC-4EFC-9AA4-79BB143B83B3}.Release|Any CPU.Build.0 = Release|Any CPU
	EndGlobalSection
	GlobalSection(SolutionProperties) = preSolution
		HideSolutionNode = FALSE
	EndGlobalSection
	GlobalSection(ExtensibilityGlobals) = postSolution
		SolutionGuid = {2F14B30E-7F23-4369-BDA6-60872BB7652B}
	EndGlobalSection
EndGlobal
